
Microsoft Visual Studio Solution File, Format Version 12.00
# Visual Studio 14
VisualStudioVersion = 14.0.22823.1
MinimumVisualStudioVersion = 10.0.40219.1
Project("{FAE04EC0-301F-11D3-BF4B-00C04F79EFBC}") = "Game15", "Game15\Game15.csproj", "{540ADF9F-E654-4F3F-BAF2-87DA4390BD2E}"
EndProject
Project("{FAE04EC0-301F-11D3-BF4B-00C04F79EFBC}") = "Find4", "Find4\Find4.csproj", "{C2049A11-0E90-4A79-A93D-30A934D38949}"
EndProject
Project("{FAE04EC0-301F-11D3-BF4B-00C04F79EFBC}") = "Platform", "Platform\Platform.csproj", "{AACB2038-8155-458B-B2F1-032FA7F51DB1}"
EndProject
Global
	GlobalSection(SolutionConfigurationPlatforms) = preSolution
		Debug|Any CPU = Debug|Any CPU
		Debug|ARM = Debug|ARM
		Debug|x64 = Debug|x64
		Debug|x86 = Debug|x86
		Release|Any CPU = Release|Any CPU
		Release|ARM = Release|ARM
		Release|x64 = Release|x64
		Release|x86 = Release|x86
	EndGlobalSection
	GlobalSection(ProjectConfigurationPlatforms) = postSolution
		{540ADF9F-E654-4F3F-BAF2-87DA4390BD2E}.Debug|Any CPU.ActiveCfg = Debug|Any CPU
		{540ADF9F-E654-4F3F-BAF2-87DA4390BD2E}.Debug|Any CPU.Build.0 = Debug|Any CPU
		{540ADF9F-E654-4F3F-BAF2-87DA4390BD2E}.Debug|ARM.ActiveCfg = Debug|Any CPU
		{540ADF9F-E654-4F3F-BAF2-87DA4390BD2E}.Debug|ARM.Build.0 = Debug|Any CPU
		{540ADF9F-E654-4F3F-BAF2-87DA4390BD2E}.Debug|x64.ActiveCfg = Debug|Any CPU
		{540ADF9F-E654-4F3F-BAF2-87DA4390BD2E}.Debug|x64.Build.0 = Debug|Any CPU
		{540ADF9F-E654-4F3F-BAF2-87DA4390BD2E}.Debug|x86.ActiveCfg = Debug|Any CPU
		{540ADF9F-E654-4F3F-BAF2-87DA4390BD2E}.Debug|x86.Build.0 = Debug|Any CPU
		{540ADF9F-E654-4F3F-BAF2-87DA4390BD2E}.Release|Any CPU.ActiveCfg = Release|Any CPU
		{540ADF9F-E654-4F3F-BAF2-87DA4390BD2E}.Release|Any CPU.Build.0 = Release|Any CPU
		{540ADF9F-E654-4F3F-BAF2-87DA4390BD2E}.Release|ARM.ActiveCfg = Release|Any CPU
		{540ADF9F-E654-4F3F-BAF2-87DA4390BD2E}.Release|ARM.Build.0 = Release|Any CPU
		{540ADF9F-E654-4F3F-BAF2-87DA4390BD2E}.Release|x64.ActiveCfg = Release|Any CPU
		{540ADF9F-E654-4F3F-BAF2-87DA4390BD2E}.Release|x64.Build.0 = Release|Any CPU
		{540ADF9F-E654-4F3F-BAF2-87DA4390BD2E}.Release|x86.ActiveCfg = Release|Any CPU
		{540ADF9F-E654-4F3F-BAF2-87DA4390BD2E}.Release|x86.Build.0 = Release|Any CPU
		{C2049A11-0E90-4A79-A93D-30A934D38949}.Debug|Any CPU.ActiveCfg = Debug|Any CPU
		{C2049A11-0E90-4A79-A93D-30A934D38949}.Debug|Any CPU.Build.0 = Debug|Any CPU
		{C2049A11-0E90-4A79-A93D-30A934D38949}.Debug|ARM.ActiveCfg = Debug|Any CPU
		{C2049A11-0E90-4A79-A93D-30A934D38949}.Debug|ARM.Build.0 = Debug|Any CPU
		{C2049A11-0E90-4A79-A93D-30A934D38949}.Debug|x64.ActiveCfg = Debug|Any CPU
		{C2049A11-0E90-4A79-A93D-30A934D38949}.Debug|x64.Build.0 = Debug|Any CPU
		{C2049A11-0E90-4A79-A93D-30A934D38949}.Debug|x86.ActiveCfg = Debug|Any CPU
		{C2049A11-0E90-4A79-A93D-30A934D38949}.Debug|x86.Build.0 = Debug|Any CPU
		{C2049A11-0E90-4A79-A93D-30A934D38949}.Release|Any CPU.ActiveCfg = Release|Any CPU
		{C2049A11-0E90-4A79-A93D-30A934D38949}.Release|Any CPU.Build.0 = Release|Any CPU
		{C2049A11-0E90-4A79-A93D-30A934D38949}.Release|ARM.ActiveCfg = Release|Any CPU
		{C2049A11-0E90-4A79-A93D-30A934D38949}.Release|ARM.Build.0 = Release|Any CPU
		{C2049A11-0E90-4A79-A93D-30A934D38949}.Release|x64.ActiveCfg = Release|Any CPU
		{C2049A11-0E90-4A79-A93D-30A934D38949}.Release|x64.Build.0 = Release|Any CPU
		{C2049A11-0E90-4A79-A93D-30A934D38949}.Release|x86.ActiveCfg = Release|Any CPU
		{C2049A11-0E90-4A79-A93D-30A934D38949}.Release|x86.Build.0 = Release|Any CPU
		{AACB2038-8155-458B-B2F1-032FA7F51DB1}.Debug|Any CPU.ActiveCfg = Debug|Any CPU
		{AACB2038-8155-458B-B2F1-032FA7F51DB1}.Debug|Any CPU.Build.0 = Debug|Any CPU
		{AACB2038-8155-458B-B2F1-032FA7F51DB1}.Debug|Any CPU.Deploy.0 = Debug|Any CPU
		{AACB2038-8155-458B-B2F1-032FA7F51DB1}.Debug|ARM.ActiveCfg = Debug|ARM
		{AACB2038-8155-458B-B2F1-032FA7F51DB1}.Debug|ARM.Build.0 = Debug|ARM
		{AACB2038-8155-458B-B2F1-032FA7F51DB1}.Debug|ARM.Deploy.0 = Debug|ARM
		{AACB2038-8155-458B-B2F1-032FA7F51DB1}.Debug|x64.ActiveCfg = Debug|x64
		{AACB2038-8155-458B-B2F1-032FA7F51DB1}.Debug|x64.Build.0 = Debug|x64
		{AACB2038-8155-458B-B2F1-032FA7F51DB1}.Debug|x64.Deploy.0 = Debug|x64
		{AACB2038-8155-458B-B2F1-032FA7F51DB1}.Debug|x86.ActiveCfg = Debug|x86
		{AACB2038-8155-458B-B2F1-032FA7F51DB1}.Debug|x86.Build.0 = Debug|x86
		{AACB2038-8155-458B-B2F1-032FA7F51DB1}.Debug|x86.Deploy.0 = Debug|x86
		{AACB2038-8155-458B-B2F1-032FA7F51DB1}.Release|Any CPU.ActiveCfg = Release|Any CPU
		{AACB2038-8155-458B-B2F1-032FA7F51DB1}.Release|Any CPU.Build.0 = Release|Any CPU
		{AACB2038-8155-458B-B2F1-032FA7F51DB1}.Release|Any CPU.Deploy.0 = Release|Any CPU
		{AACB2038-8155-458B-B2F1-032FA7F51DB1}.Release|ARM.ActiveCfg = Release|ARM
		{AACB2038-8155-458B-B2F1-032FA7F51DB1}.Release|ARM.Build.0 = Release|ARM
		{AACB2038-8155-458B-B2F1-032FA7F51DB1}.Release|ARM.Deploy.0 = Release|ARM
		{AACB2038-8155-458B-B2F1-032FA7F51DB1}.Release|x64.ActiveCfg = Release|x64
		{AACB2038-8155-458B-B2F1-032FA7F51DB1}.Release|x64.Build.0 = Release|x64
		{AACB2038-8155-458B-B2F1-032FA7F51DB1}.Release|x64.Deploy.0 = Release|x64
		{AACB2038-8155-458B-B2F1-032FA7F51DB1}.Release|x86.ActiveCfg = Release|x86
		{AACB2038-8155-458B-B2F1-032FA7F51DB1}.Release|x86.Build.0 = Release|x86
		{AACB2038-8155-458B-B2F1-032FA7F51DB1}.Release|x86.Deploy.0 = Release|x86
	EndGlobalSection
	GlobalSection(SolutionProperties) = preSolution
		HideSolutionNode = FALSE
	EndGlobalSection
EndGlobal
